
Microsoft Visual Studio Solution File, Format Version 12.00
# Visual Studio 15
Project("{FAE04EC0-301F-11D3-BF4B-00C04F79EFBC}") = "skrilla-api", "skrilla-api\skrilla-api.csproj", "{9EFFD907-266A-49AC-ABB3-6C4B046161F3}"
EndProject
Global
	GlobalSection(SolutionConfigurationPlatforms) = preSolution
		Debug|Any CPU = Debug|Any CPU
		Release|Any CPU = Release|Any CPU
	EndGlobalSection
	GlobalSection(ProjectConfigurationPlatforms) = postSolution
		{9EFFD907-266A-49AC-ABB3-6C4B046161F3}.Debug|Any CPU.ActiveCfg = Debug|Any CPU
		{9EFFD907-266A-49AC-ABB3-6C4B046161F3}.Debug|Any CPU.Build.0 = Debug|Any CPU
		{9EFFD907-266A-49AC-ABB3-6C4B046161F3}.Release|Any CPU.ActiveCfg = Release|Any CPU
		{9EFFD907-266A-49AC-ABB3-6C4B046161F3}.Release|Any CPU.Build.0 = Release|Any CPU
	EndGlobalSection
EndGlobal
